%{
  "aruspex": {:hex, :aruspex, "0.1.0", "b5093c41f42d5a0d87f55612d572b7f337c6f039087bd75470c0cd3dd1061703", [], [{:exyz, "~> 1.0.0", [hex: :exyz, repo: "hexpm", optional: false]}, {:zipper_tree, "~> 0.1", [hex: :zipper_tree, repo: "hexpm", optional: false]}], "hexpm"},
  "exyz": {:hex, :exyz, "1.0.0", "9cc0cbdd0480c261a5d05ff72b294968b9ff69983efc392b78f6e584acfaf957", [], [], "hexpm"},
  "zipper_tree": {:hex, :zipper_tree, "0.1.1", "e4d4a2bfdf958fea0aaf844e1b3ef457ea11d6331ba77a043b6b5606f6222a47", [], [], "hexpm"},
}
